
Microsoft Visual Studio Solution File, Format Version 12.00
# Visual Studio Version 17
VisualStudioVersion = 17.5.33424.131
MinimumVisualStudioVersion = 10.0.40219.1
Project("{9A19103F-16F7-4668-BE54-9A1E7A4F7556}") = "Stralgo.LinkedList", "Stralgo.LinkedList\Stralgo.LinkedList.csproj", "{2FACE7EC-0F62-4A0A-A787-B28F3676ED90}"
EndProject
Project("{9A19103F-16F7-4668-BE54-9A1E7A4F7556}") = "Stralgo.DoublyLinkedList", "Stralgo.DoublyLinkedList\Stralgo.DoublyLinkedList.csproj", "{FAE5C522-E585-46C5-B3C8-586FC2A84EB1}"
EndProject
Project("{9A19103F-16F7-4668-BE54-9A1E7A4F7556}") = "Arrays_Hashing", "Arrays_Hashing\Arrays_Hashing.csproj", "{B851ED07-1E97-4F14-A69E-572BFB27DF99}"
EndProject
Project("{9A19103F-16F7-4668-BE54-9A1E7A4F7556}") = "Stack", "Stack\Stack.csproj", "{13896CCF-EB88-4240-B453-74073B87ACB7}"
EndProject
Project("{9A19103F-16F7-4668-BE54-9A1E7A4F7556}") = "TwoPointers", "TwoPointers\TwoPointers.csproj", "{660104D1-B7CC-4F81-AC40-BA1F2CE94629}"
EndProject
Project("{9A19103F-16F7-4668-BE54-9A1E7A4F7556}") = "SlidingWindow", "SlidingWindow\SlidingWindow.csproj", "{E27C2AE8-68D0-441B-BA27-616E6296DD3D}"
EndProject
Project("{FAE04EC0-301F-11D3-BF4B-00C04F79EFBC}") = "LinkedList", "LinkedList\LinkedList.csproj", "{3D5CC079-73F9-44B5-937E-34F88F7C545B}"
EndProject
Global
	GlobalSection(SolutionConfigurationPlatforms) = preSolution
		Debug|Any CPU = Debug|Any CPU
		Release|Any CPU = Release|Any CPU
	EndGlobalSection
	GlobalSection(ProjectConfigurationPlatforms) = postSolution
		{2FACE7EC-0F62-4A0A-A787-B28F3676ED90}.Debug|Any CPU.ActiveCfg = Debug|Any CPU
		{2FACE7EC-0F62-4A0A-A787-B28F3676ED90}.Debug|Any CPU.Build.0 = Debug|Any CPU
		{2FACE7EC-0F62-4A0A-A787-B28F3676ED90}.Release|Any CPU.ActiveCfg = Release|Any CPU
		{2FACE7EC-0F62-4A0A-A787-B28F3676ED90}.Release|Any CPU.Build.0 = Release|Any CPU
		{FAE5C522-E585-46C5-B3C8-586FC2A84EB1}.Debug|Any CPU.ActiveCfg = Debug|Any CPU
		{FAE5C522-E585-46C5-B3C8-586FC2A84EB1}.Debug|Any CPU.Build.0 = Debug|Any CPU
		{FAE5C522-E585-46C5-B3C8-586FC2A84EB1}.Release|Any CPU.ActiveCfg = Release|Any CPU
		{FAE5C522-E585-46C5-B3C8-586FC2A84EB1}.Release|Any CPU.Build.0 = Release|Any CPU
		{B851ED07-1E97-4F14-A69E-572BFB27DF99}.Debug|Any CPU.ActiveCfg = Debug|Any CPU
		{B851ED07-1E97-4F14-A69E-572BFB27DF99}.Debug|Any CPU.Build.0 = Debug|Any CPU
		{B851ED07-1E97-4F14-A69E-572BFB27DF99}.Release|Any CPU.ActiveCfg = Release|Any CPU
		{B851ED07-1E97-4F14-A69E-572BFB27DF99}.Release|Any CPU.Build.0 = Release|Any CPU
		{13896CCF-EB88-4240-B453-74073B87ACB7}.Debug|Any CPU.ActiveCfg = Debug|Any CPU
		{13896CCF-EB88-4240-B453-74073B87ACB7}.Debug|Any CPU.Build.0 = Debug|Any CPU
		{13896CCF-EB88-4240-B453-74073B87ACB7}.Release|Any CPU.ActiveCfg = Release|Any CPU
		{13896CCF-EB88-4240-B453-74073B87ACB7}.Release|Any CPU.Build.0 = Release|Any CPU
		{660104D1-B7CC-4F81-AC40-BA1F2CE94629}.Debug|Any CPU.ActiveCfg = Debug|Any CPU
		{660104D1-B7CC-4F81-AC40-BA1F2CE94629}.Debug|Any CPU.Build.0 = Debug|Any CPU
		{660104D1-B7CC-4F81-AC40-BA1F2CE94629}.Release|Any CPU.ActiveCfg = Release|Any CPU
		{660104D1-B7CC-4F81-AC40-BA1F2CE94629}.Release|Any CPU.Build.0 = Release|Any CPU
		{E27C2AE8-68D0-441B-BA27-616E6296DD3D}.Debug|Any CPU.ActiveCfg = Debug|Any CPU
		{E27C2AE8-68D0-441B-BA27-616E6296DD3D}.Debug|Any CPU.Build.0 = Debug|Any CPU
		{E27C2AE8-68D0-441B-BA27-616E6296DD3D}.Release|Any CPU.ActiveCfg = Release|Any CPU
		{E27C2AE8-68D0-441B-BA27-616E6296DD3D}.Release|Any CPU.Build.0 = Release|Any CPU
		{3D5CC079-73F9-44B5-937E-34F88F7C545B}.Debug|Any CPU.ActiveCfg = Debug|Any CPU
		{3D5CC079-73F9-44B5-937E-34F88F7C545B}.Debug|Any CPU.Build.0 = Debug|Any CPU
		{3D5CC079-73F9-44B5-937E-34F88F7C545B}.Release|Any CPU.ActiveCfg = Release|Any CPU
		{3D5CC079-73F9-44B5-937E-34F88F7C545B}.Release|Any CPU.Build.0 = Release|Any CPU
	EndGlobalSection
	GlobalSection(SolutionProperties) = preSolution
		HideSolutionNode = FALSE
	EndGlobalSection
	GlobalSection(ExtensibilityGlobals) = postSolution
		SolutionGuid = {77DD502E-20FB-4192-9686-510073D78B65}
	EndGlobalSection
EndGlobal
